// !$*UTF8*$!
{
	archiveVersion = 1;
	classes = {
	};
	objectVersion = 55;
	objects = {

/* Begin PBXBuildFile section */
		852DFD572732E346009A0A0A /* CategoryCell.swift in Sources */ = {isa = PBXBuildFile; fileRef = 852DFD562732E346009A0A0A /* CategoryCell.swift */; };
		85DB92452730306E00319CE1 /* AppDelegate.swift in Sources */ = {isa = PBXBuildFile; fileRef = 85DB92442730306E00319CE1 /* AppDelegate.swift */; };
		85DB92472730306E00319CE1 /* SceneDelegate.swift in Sources */ = {isa = PBXBuildFile; fileRef = 85DB92462730306E00319CE1 /* SceneDelegate.swift */; };
		85DB92492730306E00319CE1 /* ViewController.swift in Sources */ = {isa = PBXBuildFile; fileRef = 85DB92482730306E00319CE1 /* ViewController.swift */; };
		85DB924C2730306E00319CE1 /* Main.storyboard in Resources */ = {isa = PBXBuildFile; fileRef = 85DB924A2730306E00319CE1 /* Main.storyboard */; };
		85DB924F2730306E00319CE1 /* fortis_app.xcdatamodeld in Sources */ = {isa = PBXBuildFile; fileRef = 85DB924D2730306E00319CE1 /* fortis_app.xcdatamodeld */; };
		85DB92512730307100319CE1 /* Assets.xcassets in Resources */ = {isa = PBXBuildFile; fileRef = 85DB92502730307100319CE1 /* Assets.xcassets */; };
		85DB92542730307100319CE1 /* LaunchScreen.storyboard in Resources */ = {isa = PBXBuildFile; fileRef = 85DB92522730307100319CE1 /* LaunchScreen.storyboard */; };
		85DB925C273033A200319CE1 /* HomeViewController.swift in Sources */ = {isa = PBXBuildFile; fileRef = 85DB925B273033A200319CE1 /* HomeViewController.swift */; };
		85DB925E2730340000319CE1 /* DiaryEntryViewController.swift in Sources */ = {isa = PBXBuildFile; fileRef = 85DB925D2730340000319CE1 /* DiaryEntryViewController.swift */; };
		85DB92602730342C00319CE1 /* DiaryViewController.swift in Sources */ = {isa = PBXBuildFile; fileRef = 85DB925F2730342C00319CE1 /* DiaryViewController.swift */; };
		85DB926227306C4100319CE1 /* simpleAnchor.swift in Sources */ = {isa = PBXBuildFile; fileRef = 85DB926127306C4100319CE1 /* simpleAnchor.swift */; };
		85DB9264273080B800319CE1 /* CalenderViewController.swift in Sources */ = {isa = PBXBuildFile; fileRef = 85DB9263273080B800319CE1 /* CalenderViewController.swift */; };
		85DB9266273080C600319CE1 /* LevelViewController.swift in Sources */ = {isa = PBXBuildFile; fileRef = 85DB9265273080C600319CE1 /* LevelViewController.swift */; };
		85E711322733F73900BA92F7 /* CategoryTableViewCell.swift in Sources */ = {isa = PBXBuildFile; fileRef = 85E711312733F73900BA92F7 /* CategoryTableViewCell.swift */; };
/* End PBXBuildFile section */

/* Begin PBXFileReference section */
		852DFD562732E346009A0A0A /* CategoryCell.swift */ = {isa = PBXFileReference; lastKnownFileType = sourcecode.swift; path = CategoryCell.swift; sourceTree = "<group>"; };
		85DB92412730306D00319CE1 /* fortis_app.app */ = {isa = PBXFileReference; explicitFileType = wrapper.application; includeInIndex = 0; path = fortis_app.app; sourceTree = BUILT_PRODUCTS_DIR; };
		85DB92442730306E00319CE1 /* AppDelegate.swift */ = {isa = PBXFileReference; lastKnownFileType = sourcecode.swift; path = AppDelegate.swift; sourceTree = "<group>"; };
		85DB92462730306E00319CE1 /* SceneDelegate.swift */ = {isa = PBXFileReference; lastKnownFileType = sourcecode.swift; path = SceneDelegate.swift; sourceTree = "<group>"; };
		85DB92482730306E00319CE1 /* ViewController.swift */ = {isa = PBXFileReference; lastKnownFileType = sourcecode.swift; path = ViewController.swift; sourceTree = "<group>"; };
		85DB924B2730306E00319CE1 /* Base */ = {isa = PBXFileReference; lastKnownFileType = file.storyboard; name = Base; path = Base.lproj/Main.storyboard; sourceTree = "<group>"; };
		85DB924E2730306E00319CE1 /* fortis_app.xcdatamodel */ = {isa = PBXFileReference; lastKnownFileType = wrapper.xcdatamodel; path = fortis_app.xcdatamodel; sourceTree = "<group>"; };
		85DB92502730307100319CE1 /* Assets.xcassets */ = {isa = PBXFileReference; lastKnownFileType = folder.assetcatalog; path = Assets.xcassets; sourceTree = "<group>"; };
		85DB92532730307100319CE1 /* Base */ = {isa = PBXFileReference; lastKnownFileType = file.storyboard; name = Base; path = Base.lproj/LaunchScreen.storyboard; sourceTree = "<group>"; };
		85DB92552730307100319CE1 /* Info.plist */ = {isa = PBXFileReference; lastKnownFileType = text.plist.xml; path = Info.plist; sourceTree = "<group>"; };
		85DB925B273033A200319CE1 /* HomeViewController.swift */ = {isa = PBXFileReference; lastKnownFileType = sourcecode.swift; path = HomeViewController.swift; sourceTree = "<group>"; };
		85DB925D2730340000319CE1 /* DiaryEntryViewController.swift */ = {isa = PBXFileReference; lastKnownFileType = sourcecode.swift; path = DiaryEntryViewController.swift; sourceTree = "<group>"; };
		85DB925F2730342C00319CE1 /* DiaryViewController.swift */ = {isa = PBXFileReference; lastKnownFileType = sourcecode.swift; path = DiaryViewController.swift; sourceTree = "<group>"; };
		85DB926127306C4100319CE1 /* simpleAnchor.swift */ = {isa = PBXFileReference; fileEncoding = 4; lastKnownFileType = sourcecode.swift; name = simpleAnchor.swift; path = ../../../Downloads/Momentum/StudyApp/Extension/simpleAnchor.swift; sourceTree = "<group>"; };
		85DB9263273080B800319CE1 /* CalenderViewController.swift */ = {isa = PBXFileReference; lastKnownFileType = sourcecode.swift; path = CalenderViewController.swift; sourceTree = "<group>"; };
		85DB9265273080C600319CE1 /* LevelViewController.swift */ = {isa = PBXFileReference; lastKnownFileType = sourcecode.swift; path = LevelViewController.swift; sourceTree = "<group>"; };
		85E711312733F73900BA92F7 /* CategoryTableViewCell.swift */ = {isa = PBXFileReference; lastKnownFileType = sourcecode.swift; path = CategoryTableViewCell.swift; sourceTree = "<group>"; };
/* End PBXFileReference section */

/* Begin PBXFrameworksBuildPhase section */
		85DB923E2730306D00319CE1 /* Frameworks */ = {
			isa = PBXFrameworksBuildPhase;
			buildActionMask = 2147483647;
			files = (
			);
			runOnlyForDeploymentPostprocessing = 0;
		};
/* End PBXFrameworksBuildPhase section */

/* Begin PBXGroup section */
		8530358827318CC6007F8385 /* Tracking */ = {
			isa = PBXGroup;
			children = (
				85DB925D2730340000319CE1 /* DiaryEntryViewController.swift */,
				852DFD562732E346009A0A0A /* CategoryCell.swift */,
				85E711312733F73900BA92F7 /* CategoryTableViewCell.swift */,
			);
			path = Tracking;
			sourceTree = "<group>";
		};
		85DB92382730306D00319CE1 = {
			isa = PBXGroup;
			children = (
				85DB92432730306D00319CE1 /* fortis_app */,
				85DB92422730306D00319CE1 /* Products */,
			);
			sourceTree = "<group>";
		};
		85DB92422730306D00319CE1 /* Products */ = {
			isa = PBXGroup;
			children = (
				85DB92412730306D00319CE1 /* fortis_app.app */,
			);
			name = Products;
			sourceTree = "<group>";
		};
		85DB92432730306D00319CE1 /* fortis_app */ = {
			isa = PBXGroup;
			children = (
				85DB92442730306E00319CE1 /* AppDelegate.swift */,
				85DB92462730306E00319CE1 /* SceneDelegate.swift */,
				85DB92482730306E00319CE1 /* ViewController.swift */,
				85DB924A2730306E00319CE1 /* Main.storyboard */,
				85DB92502730307100319CE1 /* Assets.xcassets */,
				85DB92522730307100319CE1 /* LaunchScreen.storyboard */,
				85DB92552730307100319CE1 /* Info.plist */,
				85DB924D2730306E00319CE1 /* fortis_app.xcdatamodeld */,
				85DB926127306C4100319CE1 /* simpleAnchor.swift */,
				85DB925B273033A200319CE1 /* HomeViewController.swift */,
				8530358827318CC6007F8385 /* Tracking */,
				85DB925F2730342C00319CE1 /* DiaryViewController.swift */,
				85DB9263273080B800319CE1 /* CalenderViewController.swift */,
				85DB9265273080C600319CE1 /* LevelViewController.swift */,
			);
			path = fortis_app;
			sourceTree = "<group>";
		};
/* End PBXGroup section */

/* Begin PBXNativeTarget section */
		85DB92402730306D00319CE1 /* fortis_app */ = {
			isa = PBXNativeTarget;
			buildConfigurationList = 85DB92582730307100319CE1 /* Build configuration list for PBXNativeTarget "fortis_app" */;
			buildPhases = (
				85DB923D2730306D00319CE1 /* Sources */,
				85DB923E2730306D00319CE1 /* Frameworks */,
				85DB923F2730306D00319CE1 /* Resources */,
			);
			buildRules = (
			);
			dependencies = (
			);
			name = fortis_app;
			productName = fortis_app;
			productReference = 85DB92412730306D00319CE1 /* fortis_app.app */;
			productType = "com.apple.product-type.application";
		};
/* End PBXNativeTarget section */

/* Begin PBXProject section */
		85DB92392730306D00319CE1 /* Project object */ = {
			isa = PBXProject;
			attributes = {
				BuildIndependentTargetsInParallel = 1;
				LastSwiftUpdateCheck = 1310;
				LastUpgradeCheck = 1310;
				TargetAttributes = {
					85DB92402730306D00319CE1 = {
						CreatedOnToolsVersion = 13.1;
					};
				};
			};
			buildConfigurationList = 85DB923C2730306D00319CE1 /* Build configuration list for PBXProject "fortis_app" */;
			compatibilityVersion = "Xcode 13.0";
			developmentRegion = en;
			hasScannedForEncodings = 0;
			knownRegions = (
				en,
				Base,
			);
			mainGroup = 85DB92382730306D00319CE1;
			productRefGroup = 85DB92422730306D00319CE1 /* Products */;
			projectDirPath = "";
			projectRoot = "";
			targets = (
				85DB92402730306D00319CE1 /* fortis_app */,
			);
		};
/* End PBXProject section */

/* Begin PBXResourcesBuildPhase section */
		85DB923F2730306D00319CE1 /* Resources */ = {
			isa = PBXResourcesBuildPhase;
			buildActionMask = 2147483647;
			files = (
				85DB92542730307100319CE1 /* LaunchScreen.storyboard in Resources */,
				85DB92512730307100319CE1 /* Assets.xcassets in Resources */,
				85DB924C2730306E00319CE1 /* Main.storyboard in Resources */,
			);
			runOnlyForDeploymentPostprocessing = 0;
		};
/* End PBXResourcesBuildPhase section */

/* Begin PBXSourcesBuildPhase section */
		85DB923D2730306D00319CE1 /* Sources */ = {
			isa = PBXSourcesBuildPhase;
			buildActionMask = 2147483647;
			files = (
				85DB925C273033A200319CE1 /* HomeViewController.swift in Sources */,
				85DB9266273080C600319CE1 /* LevelViewController.swift in Sources */,
				85DB92492730306E00319CE1 /* ViewController.swift in Sources */,
				85DB926227306C4100319CE1 /* simpleAnchor.swift in Sources */,
				85DB92452730306E00319CE1 /* AppDelegate.swift in Sources */,
				85DB92602730342C00319CE1 /* DiaryViewController.swift in Sources */,
				85DB924F2730306E00319CE1 /* fortis_app.xcdatamodeld in Sources */,
				85DB9264273080B800319CE1 /* CalenderViewController.swift in Sources */,
				85DB92472730306E00319CE1 /* SceneDelegate.swift in Sources */,
				85DB925E2730340000319CE1 /* DiaryEntryViewController.swift in Sources */,
				85E711322733F73900BA92F7 /* CategoryTableViewCell.swift in Sources */,
				852DFD572732E346009A0A0A /* CategoryCell.swift in Sources */,
			);
			runOnlyForDeploymentPostprocessing = 0;
		};
/* End PBXSourcesBuildPhase section */

/* Begin PBXVariantGroup section */
		85DB924A2730306E00319CE1 /* Main.storyboard */ = {
			isa = PBXVariantGroup;
			children = (
				85DB924B2730306E00319CE1 /* Base */,
			);
			name = Main.storyboard;
			sourceTree = "<group>";
		};
		85DB92522730307100319CE1 /* LaunchScreen.storyboard */ = {
			isa = PBXVariantGroup;
			children = (
				85DB92532730307100319CE1 /* Base */,
			);
			name = LaunchScreen.storyboard;
			sourceTree = "<group>";
		};
/* End PBXVariantGroup section */

/* Begin XCBuildConfiguration section */
		85DB92562730307100319CE1 /* Debug */ = {
			isa = XCBuildConfiguration;
			buildSettings = {
				ALWAYS_SEARCH_USER_PATHS = NO;
				CLANG_ANALYZER_NONNULL = YES;
				CLANG_ANALYZER_NUMBER_OBJECT_CONVERSION = YES_AGGRESSIVE;
				CLANG_CXX_LANGUAGE_STANDARD = "gnu++17";
				CLANG_CXX_LIBRARY = "libc++";
				CLANG_ENABLE_MODULES = YES;
				CLANG_ENABLE_OBJC_ARC = YES;
				CLANG_ENABLE_OBJC_WEAK = YES;
				CLANG_WARN_BLOCK_CAPTURE_AUTORELEASING = YES;
				CLANG_WARN_BOOL_CONVERSION = YES;
				CLANG_WARN_COMMA = YES;
				CLANG_WARN_CONSTANT_CONVERSION = YES;
				CLANG_WARN_DEPRECATED_OBJC_IMPLEMENTATIONS = YES;
				CLANG_WARN_DIRECT_OBJC_ISA_USAGE = YES_ERROR;
				CLANG_WARN_DOCUMENTATION_COMMENTS = YES;
				CLANG_WARN_EMPTY_BODY = YES;
				CLANG_WARN_ENUM_CONVERSION = YES;
				CLANG_WARN_INFINITE_RECURSION = YES;
				CLANG_WARN_INT_CONVERSION = YES;
				CLANG_WARN_NON_LITERAL_NULL_CONVERSION = YES;
				CLANG_WARN_OBJC_IMPLICIT_RETAIN_SELF = YES;
				CLANG_WARN_OBJC_LITERAL_CONVERSION = YES;
				CLANG_WARN_OBJC_ROOT_CLASS = YES_ERROR;
				CLANG_WARN_QUOTED_INCLUDE_IN_FRAMEWORK_HEADER = YES;
				CLANG_WARN_RANGE_LOOP_ANALYSIS = YES;
				CLANG_WARN_STRICT_PROTOTYPES = YES;
				CLANG_WARN_SUSPICIOUS_MOVE = YES;
				CLANG_WARN_UNGUARDED_AVAILABILITY = YES_AGGRESSIVE;
				CLANG_WARN_UNREACHABLE_CODE = YES;
				CLANG_WARN__DUPLICATE_METHOD_MATCH = YES;
				COPY_PHASE_STRIP = NO;
				DEBUG_INFORMATION_FORMAT = dwarf;
				ENABLE_STRICT_OBJC_MSGSEND = YES;
				ENABLE_TESTABILITY = YES;
				GCC_C_LANGUAGE_STANDARD = gnu11;
				GCC_DYNAMIC_NO_PIC = NO;
				GCC_NO_COMMON_BLOCKS = YES;
				GCC_OPTIMIZATION_LEVEL = 0;
				GCC_PREPROCESSOR_DEFINITIONS = (
					"DEBUG=1",
					"$(inherited)",
				);
				GCC_WARN_64_TO_32_BIT_CONVERSION = YES;
				GCC_WARN_ABOUT_RETURN_TYPE = YES_ERROR;
				GCC_WARN_UNDECLARED_SELECTOR = YES;
				GCC_WARN_UNINITIALIZED_AUTOS = YES_AGGRESSIVE;
				GCC_WARN_UNUSED_FUNCTION = YES;
				GCC_WARN_UNUSED_VARIABLE = YES;
				IPHONEOS_DEPLOYMENT_TARGET = 15.0;
				MTL_ENABLE_DEBUG_INFO = INCLUDE_SOURCE;
				MTL_FAST_MATH = YES;
				ONLY_ACTIVE_ARCH = YES;
				SDKROOT = iphoneos;
				SWIFT_ACTIVE_COMPILATION_CONDITIONS = DEBUG;
				SWIFT_OPTIMIZATION_LEVEL = "-Onone";
			};
			name = Debug;
		};
		85DB92572730307100319CE1 /* Release */ = {
			isa = XCBuildConfiguration;
			buildSettings = {
				ALWAYS_SEARCH_USER_PATHS = NO;
				CLANG_ANALYZER_NONNULL = YES;
				CLANG_ANALYZER_NUMBER_OBJECT_CONVERSION = YES_AGGRESSIVE;
				CLANG_CXX_LANGUAGE_STANDARD = "gnu++17";
				CLANG_CXX_LIBRARY = "libc++";
				CLANG_ENABLE_MODULES = YES;
				CLANG_ENABLE_OBJC_ARC = YES;
				CLANG_ENABLE_OBJC_WEAK = YES;
				CLANG_WARN_BLOCK_CAPTURE_AUTORELEASING = YES;
				CLANG_WARN_BOOL_CONVERSION = YES;
				CLANG_WARN_COMMA = YES;
				CLANG_WARN_CONSTANT_CONVERSION = YES;
				CLANG_WARN_DEPRECATED_OBJC_IMPLEMENTATIONS = YES;
				CLANG_WARN_DIRECT_OBJC_ISA_USAGE = YES_ERROR;
				CLANG_WARN_DOCUMENTATION_COMMENTS = YES;
				CLANG_WARN_EMPTY_BODY = YES;
				CLANG_WARN_ENUM_CONVERSION = YES;
				CLANG_WARN_INFINITE_RECURSION = YES;
				CLANG_WARN_INT_CONVERSION = YES;
				CLANG_WARN_NON_LITERAL_NULL_CONVERSION = YES;
				CLANG_WARN_OBJC_IMPLICIT_RETAIN_SELF = YES;
				CLANG_WARN_OBJC_LITERAL_CONVERSION = YES;
				CLANG_WARN_OBJC_ROOT_CLASS = YES_ERROR;
				CLANG_WARN_QUOTED_INCLUDE_IN_FRAMEWORK_HEADER = YES;
				CLANG_WARN_RANGE_LOOP_ANALYSIS = YES;
				CLANG_WARN_STRICT_PROTOTYPES = YES;
				CLANG_WARN_SUSPICIOUS_MOVE = YES;
				CLANG_WARN_UNGUARDED_AVAILABILITY = YES_AGGRESSIVE;
				CLANG_WARN_UNREACHABLE_CODE = YES;
				CLANG_WARN__DUPLICATE_METHOD_MATCH = YES;
				COPY_PHASE_STRIP = NO;
				DEBUG_INFORMATION_FORMAT = "dwarf-with-dsym";
				ENABLE_NS_ASSERTIONS = NO;
				ENABLE_STRICT_OBJC_MSGSEND = YES;
				GCC_C_LANGUAGE_STANDARD = gnu11;
				GCC_NO_COMMON_BLOCKS = YES;
				GCC_WARN_64_TO_32_BIT_CONVERSION = YES;
				GCC_WARN_ABOUT_RETURN_TYPE = YES_ERROR;
				GCC_WARN_UNDECLARED_SELECTOR = YES;
				GCC_WARN_UNINITIALIZED_AUTOS = YES_AGGRESSIVE;
				GCC_WARN_UNUSED_FUNCTION = YES;
				GCC_WARN_UNUSED_VARIABLE = YES;
				IPHONEOS_DEPLOYMENT_TARGET = 15.0;
				MTL_ENABLE_DEBUG_INFO = NO;
				MTL_FAST_MATH = YES;
				SDKROOT = iphoneos;
				SWIFT_COMPILATION_MODE = wholemodule;
				SWIFT_OPTIMIZATION_LEVEL = "-O";
				VALIDATE_PRODUCT = YES;
			};
			name = Release;
		};
		85DB92592730307100319CE1 /* Debug */ = {
			isa = XCBuildConfiguration;
			buildSettings = {
				ASSETCATALOG_COMPILER_APPICON_NAME = AppIcon;
				ASSETCATALOG_COMPILER_GLOBAL_ACCENT_COLOR_NAME = AccentColor;
				CODE_SIGN_STYLE = Automatic;
				CURRENT_PROJECT_VERSION = 1;
				DEVELOPMENT_TEAM = HBLK9GT7DU;
				GENERATE_INFOPLIST_FILE = YES;
				INFOPLIST_FILE = fortis_app/Info.plist;
				INFOPLIST_KEY_UIApplicationSupportsIndirectInputEvents = YES;
				INFOPLIST_KEY_UILaunchStoryboardName = LaunchScreen;
				INFOPLIST_KEY_UIMainStoryboardFile = Main;
				INFOPLIST_KEY_UISupportedInterfaceOrientations = UIInterfaceOrientationPortrait;
				INFOPLIST_KEY_UISupportedInterfaceOrientations_iPad = UIInterfaceOrientationPortrait;
				INFOPLIST_KEY_UISupportedInterfaceOrientations_iPhone = "UIInterfaceOrientationPortrait UIInterfaceOrientationLandscapeLeft UIInterfaceOrientationLandscapeRight";
				LD_RUNPATH_SEARCH_PATHS = (
					"$(inherited)",
					"@executable_path/Frameworks",
				);
				MARKETING_VERSION = 1.0;
				PRODUCT_BUNDLE_IDENTIFIER = "melisa.fortis-app";
				PRODUCT_NAME = "$(TARGET_NAME)";
				SWIFT_EMIT_LOC_STRINGS = YES;
				SWIFT_VERSION = 5.0;
				TARGETED_DEVICE_FAMILY = "1,2";
			};
			name = Debug;
		};
		85DB925A2730307100319CE1 /* Release */ = {
			isa = XCBuildConfiguration;
			buildSettings = {
				ASSETCATALOG_COMPILER_APPICON_NAME = AppIcon;
				ASSETCATALOG_COMPILER_GLOBAL_ACCENT_COLOR_NAME = AccentColor;
				CODE_SIGN_STYLE = Automatic;
				CURRENT_PROJECT_VERSION = 1;
				DEVELOPMENT_TEAM = HBLK9GT7DU;
				GENERATE_INFOPLIST_FILE = YES;
				INFOPLIST_FILE = fortis_app/Info.plist;
				INFOPLIST_KEY_UIApplicationSupportsIndirectInputEvents = YES;
				INFOPLIST_KEY_UILaunchStoryboardName = LaunchScreen;
				INFOPLIST_KEY_UIMainStoryboardFile = Main;
				INFOPLIST_KEY_UISupportedInterfaceOrientations = UIInterfaceOrientationPortrait;
				INFOPLIST_KEY_UISupportedInterfaceOrientations_iPad = UIInterfaceOrientationPortrait;
				INFOPLIST_KEY_UISupportedInterfaceOrientations_iPhone = "UIInterfaceOrientationPortrait UIInterfaceOrientationLandscapeLeft UIInterfaceOrientationLandscapeRight";
				LD_RUNPATH_SEARCH_PATHS = (
					"$(inherited)",
					"@executable_path/Frameworks",
				);
				MARKETING_VERSION = 1.0;
				PRODUCT_BUNDLE_IDENTIFIER = "melisa.fortis-app";
				PRODUCT_NAME = "$(TARGET_NAME)";
				SWIFT_EMIT_LOC_STRINGS = YES;
				SWIFT_VERSION = 5.0;
				TARGETED_DEVICE_FAMILY = "1,2";
			};
			name = Release;
		};
/* End XCBuildConfiguration section */

/* Begin XCConfigurationList section */
		85DB923C2730306D00319CE1 /* Build configuration list for PBXProject "fortis_app" */ = {
			isa = XCConfigurationList;
			buildConfigurations = (
				85DB92562730307100319CE1 /* Debug */,
				85DB92572730307100319CE1 /* Release */,
			);
			defaultConfigurationIsVisible = 0;
			defaultConfigurationName = Release;
		};
		85DB92582730307100319CE1 /* Build configuration list for PBXNativeTarget "fortis_app" */ = {
			isa = XCConfigurationList;
			buildConfigurations = (
				85DB92592730307100319CE1 /* Debug */,
				85DB925A2730307100319CE1 /* Release */,
			);
			defaultConfigurationIsVisible = 0;
			defaultConfigurationName = Release;
		};
/* End XCConfigurationList section */

/* Begin XCVersionGroup section */
		85DB924D2730306E00319CE1 /* fortis_app.xcdatamodeld */ = {
			isa = XCVersionGroup;
			children = (
				85DB924E2730306E00319CE1 /* fortis_app.xcdatamodel */,
			);
			currentVersion = 85DB924E2730306E00319CE1 /* fortis_app.xcdatamodel */;
			path = fortis_app.xcdatamodeld;
			sourceTree = "<group>";
			versionGroupType = wrapper.xcdatamodel;
		};
/* End XCVersionGroup section */
	};
	rootObject = 85DB92392730306D00319CE1 /* Project object */;
}
